
Microsoft Visual Studio Solution File, Format Version 12.00
# Visual Studio Version 16
VisualStudioVersion = 16.0.30611.23
MinimumVisualStudioVersion = 10.0.40219.1
Project("{FAE04EC0-301F-11D3-BF4B-00C04F79EFBC}") = "HotelReservationSystemProject", "HotelReservationSystemProject\HotelReservationSystemProject.csproj", "{0A102E33-A76F-48C5-9F64-715C7CF9746F}"
EndProject
Global
	GlobalSection(SolutionConfigurationPlatforms) = preSolution
		Debug|Any CPU = Debug|Any CPU
		Release|Any CPU = Release|Any CPU
	EndGlobalSection
	GlobalSection(ProjectConfigurationPlatforms) = postSolution
		{0A102E33-A76F-48C5-9F64-715C7CF9746F}.Debug|Any CPU.ActiveCfg = Debug|Any CPU
		{0A102E33-A76F-48C5-9F64-715C7CF9746F}.Debug|Any CPU.Build.0 = Debug|Any CPU
		{0A102E33-A76F-48C5-9F64-715C7CF9746F}.Release|Any CPU.ActiveCfg = Release|Any CPU
		{0A102E33-A76F-48C5-9F64-715C7CF9746F}.Release|Any CPU.Build.0 = Release|Any CPU
	EndGlobalSection
	GlobalSection(SolutionProperties) = preSolution
		HideSolutionNode = FALSE
	EndGlobalSection
	GlobalSection(ExtensibilityGlobals) = postSolution
		SolutionGuid = {96B3EB1E-2C29-4DB0-92AE-EF49A4A8232D}
	EndGlobalSection
EndGlobal
